
Microsoft Visual Studio Solution File, Format Version 12.00
# Visual Studio Version 17
VisualStudioVersion = 17.5.002.0
MinimumVisualStudioVersion = 10.0.40219.1
Project("{9A19103F-16F7-4668-BE54-9A1E7A4F7556}") = "projeto_C#1", "projeto_C#1.csproj", "{5E889DF5-A740-480F-8EC9-4B7D8650D62F}"
EndProject
Global
	GlobalSection(SolutionConfigurationPlatforms) = preSolution
		Debug|Any CPU = Debug|Any CPU
		Release|Any CPU = Release|Any CPU
	EndGlobalSection
	GlobalSection(ProjectConfigurationPlatforms) = postSolution
		{5E889DF5-A740-480F-8EC9-4B7D8650D62F}.Debug|Any CPU.ActiveCfg = Debug|Any CPU
		{5E889DF5-A740-480F-8EC9-4B7D8650D62F}.Debug|Any CPU.Build.0 = Debug|Any CPU
		{5E889DF5-A740-480F-8EC9-4B7D8650D62F}.Release|Any CPU.ActiveCfg = Release|Any CPU
		{5E889DF5-A740-480F-8EC9-4B7D8650D62F}.Release|Any CPU.Build.0 = Release|Any CPU
	EndGlobalSection
	GlobalSection(SolutionProperties) = preSolution
		HideSolutionNode = FALSE
	EndGlobalSection
	GlobalSection(ExtensibilityGlobals) = postSolution
		SolutionGuid = {C428E51D-9CAD-4BF3-B2CF-F7A3DABA285E}
	EndGlobalSection
EndGlobal
